
Microsoft Visual Studio Solution File, Format Version 12.00
# Visual Studio Version 16
VisualStudioVersion = 16.0.31729.503
MinimumVisualStudioVersion = 10.0.40219.1
Project("{FAE04EC0-301F-11D3-BF4B-00C04F79EFBC}") = "PasswordExercise", "PasswordExercise\PasswordExercise.csproj", "{610E2B24-C157-4697-9A0E-6FC62C1E7E8A}"
EndProject
Global
	GlobalSection(SolutionConfigurationPlatforms) = preSolution
		Debug|Any CPU = Debug|Any CPU
		Release|Any CPU = Release|Any CPU
	EndGlobalSection
	GlobalSection(ProjectConfigurationPlatforms) = postSolution
		{610E2B24-C157-4697-9A0E-6FC62C1E7E8A}.Debug|Any CPU.ActiveCfg = Debug|Any CPU
		{610E2B24-C157-4697-9A0E-6FC62C1E7E8A}.Debug|Any CPU.Build.0 = Debug|Any CPU
		{610E2B24-C157-4697-9A0E-6FC62C1E7E8A}.Release|Any CPU.ActiveCfg = Release|Any CPU
		{610E2B24-C157-4697-9A0E-6FC62C1E7E8A}.Release|Any CPU.Build.0 = Release|Any CPU
	EndGlobalSection
	GlobalSection(SolutionProperties) = preSolution
		HideSolutionNode = FALSE
	EndGlobalSection
	GlobalSection(ExtensibilityGlobals) = postSolution
		SolutionGuid = {00363D84-9B44-4036-9363-21D6674E911C}
	EndGlobalSection
EndGlobal
